
Microsoft Visual Studio Solution File, Format Version 12.00
# Visual Studio 15
VisualStudioVersion = 15.0.27130.2020
MinimumVisualStudioVersion = 10.0.40219.1
Project("{9A19103F-16F7-4668-BE54-9A1E7A4F7556}") = "BuilderForm.API", "BuilderForm.API\BuilderForm.API.csproj", "{73AED082-B3F3-49B5-8FA2-B317124B51C9}"
EndProject
Project("{9A19103F-16F7-4668-BE54-9A1E7A4F7556}") = "BuilderForm.Data", "BuilderForm.Data\BuilderForm.Data.csproj", "{44D5C89E-EBBF-4C0E-805D-E0E670E4853B}"
EndProject
Project("{9A19103F-16F7-4668-BE54-9A1E7A4F7556}") = "BuilderForm.DataService", "BuilderForm.DataService\BuilderForm.DataService.csproj", "{929CB014-64A6-4A44-A79B-39E9E3A2BD04}"
EndProject
Project("{9A19103F-16F7-4668-BE54-9A1E7A4F7556}") = "BuilderForm.Repository", "BuilderForm.Repository\BuilderForm.Repository.csproj", "{2CA13251-5185-493D-ABE6-10ED30642F3A}"
EndProject
Project("{FAE04EC0-301F-11D3-BF4B-00C04F79EFBC}") = "BuilderForm.Web", "BuilderForm.Web\BuilderForm.Web.csproj", "{D9DB6C62-7868-4E60-8F12-45EF89065537}"
EndProject
Global
	GlobalSection(SolutionConfigurationPlatforms) = preSolution
		Debug|Any CPU = Debug|Any CPU
		Release|Any CPU = Release|Any CPU
	EndGlobalSection
	GlobalSection(ProjectConfigurationPlatforms) = postSolution
		{73AED082-B3F3-49B5-8FA2-B317124B51C9}.Debug|Any CPU.ActiveCfg = Debug|Any CPU
		{73AED082-B3F3-49B5-8FA2-B317124B51C9}.Debug|Any CPU.Build.0 = Debug|Any CPU
		{73AED082-B3F3-49B5-8FA2-B317124B51C9}.Release|Any CPU.ActiveCfg = Release|Any CPU
		{73AED082-B3F3-49B5-8FA2-B317124B51C9}.Release|Any CPU.Build.0 = Release|Any CPU
		{44D5C89E-EBBF-4C0E-805D-E0E670E4853B}.Debug|Any CPU.ActiveCfg = Debug|Any CPU
		{44D5C89E-EBBF-4C0E-805D-E0E670E4853B}.Debug|Any CPU.Build.0 = Debug|Any CPU
		{44D5C89E-EBBF-4C0E-805D-E0E670E4853B}.Release|Any CPU.ActiveCfg = Release|Any CPU
		{44D5C89E-EBBF-4C0E-805D-E0E670E4853B}.Release|Any CPU.Build.0 = Release|Any CPU
		{929CB014-64A6-4A44-A79B-39E9E3A2BD04}.Debug|Any CPU.ActiveCfg = Debug|Any CPU
		{929CB014-64A6-4A44-A79B-39E9E3A2BD04}.Debug|Any CPU.Build.0 = Debug|Any CPU
		{929CB014-64A6-4A44-A79B-39E9E3A2BD04}.Release|Any CPU.ActiveCfg = Release|Any CPU
		{929CB014-64A6-4A44-A79B-39E9E3A2BD04}.Release|Any CPU.Build.0 = Release|Any CPU
		{2CA13251-5185-493D-ABE6-10ED30642F3A}.Debug|Any CPU.ActiveCfg = Debug|Any CPU
		{2CA13251-5185-493D-ABE6-10ED30642F3A}.Debug|Any CPU.Build.0 = Debug|Any CPU
		{2CA13251-5185-493D-ABE6-10ED30642F3A}.Release|Any CPU.ActiveCfg = Release|Any CPU
		{2CA13251-5185-493D-ABE6-10ED30642F3A}.Release|Any CPU.Build.0 = Release|Any CPU
		{D9DB6C62-7868-4E60-8F12-45EF89065537}.Debug|Any CPU.ActiveCfg = Debug|Any CPU
		{D9DB6C62-7868-4E60-8F12-45EF89065537}.Debug|Any CPU.Build.0 = Debug|Any CPU
		{D9DB6C62-7868-4E60-8F12-45EF89065537}.Release|Any CPU.ActiveCfg = Release|Any CPU
		{D9DB6C62-7868-4E60-8F12-45EF89065537}.Release|Any CPU.Build.0 = Release|Any CPU
	EndGlobalSection
	GlobalSection(SolutionProperties) = preSolution
		HideSolutionNode = FALSE
	EndGlobalSection
	GlobalSection(ExtensibilityGlobals) = postSolution
		SolutionGuid = {BC4A455D-1333-44E7-A0D3-6FB805BCCAD4}
	EndGlobalSection
EndGlobal
